
Microsoft Visual Studio Solution File, Format Version 12.00
# Visual Studio Version 16
VisualStudioVersion = 16.0.32602.291
MinimumVisualStudioVersion = 10.0.40219.1
Project("{9A19103F-16F7-4668-BE54-9A1E7A4F7556}") = "_001你好世界", "Learn\_001你好世界.csproj", "{E2632CAD-1B41-4AFE-9DA0-A6577C3512BD}"
EndProject
Project("{9A19103F-16F7-4668-BE54-9A1E7A4F7556}") = "_002变量", "ConsoleApp1\_002变量.csproj", "{8CFB7F0A-EA27-44A2-B5F2-CD480BB204D7}"
EndProject
Project("{9A19103F-16F7-4668-BE54-9A1E7A4F7556}") = "_003变量类型", "_003\_003变量类型.csproj", "{F6DA2685-3195-47A8-906F-8D8809627AC3}"
EndProject
Project("{9A19103F-16F7-4668-BE54-9A1E7A4F7556}") = "_004自定义变量存储主角信息", "_004自定义变量存储主角信息\_004自定义变量存储主角信息.csproj", "{E57BFAFB-10A7-46F7-AFCA-A263F4E550DE}"
EndProject
Project("{9A19103F-16F7-4668-BE54-9A1E7A4F7556}") = "_005在字符串前加@字符", "_005在字符串前加@字符\_005在字符串前加@字符.csproj", "{E1D5FFBA-97E9-4495-980A-57CE5D1B2CEC}"
EndProject
Project("{9A19103F-16F7-4668-BE54-9A1E7A4F7556}") = "_006变量的声明和赋值", "_006变量的声明和赋值\_006变量的声明和赋值.csproj", "{E0B77FA5-C78F-488A-A60A-234EE62262F5}"
EndProject
Project("{9A19103F-16F7-4668-BE54-9A1E7A4F7556}") = "_007数学运算符", "_007数学运算符\_007数学运算符.csproj", "{7C542B59-6D9E-4A68-881A-C11E3435E144}"
EndProject
Project("{9A19103F-16F7-4668-BE54-9A1E7A4F7556}") = "_008自加自减", "_008自加自减\_008自加自减.csproj", "{49C3158B-B9F7-4A6F-A2B3-48B675524C05}"
EndProject
Project("{9A19103F-16F7-4668-BE54-9A1E7A4F7556}") = "_009从键盘读取输入字符串", "_009从键盘读取输入字符串\_009从键盘读取输入字符串.csproj", "{8D1F6A2F-8700-42E9-B3D9-6ED1DCD8476B}"
EndProject
Project("{9A19103F-16F7-4668-BE54-9A1E7A4F7556}") = "_010接收输入现实和", "_010接收输入现实和\_010接收输入现实和.csproj", "{1CBF1C5D-5DD9-408C-908C-EBF50F9F3C66}"
EndProject
Project("{9A19103F-16F7-4668-BE54-9A1E7A4F7556}") = "_011赋值运算符", "_011赋值运算符\_011赋值运算符.csproj", "{581F76DD-AA4E-43B6-AC2E-9D3A47F51EE0}"
EndProject
Project("{9A19103F-16F7-4668-BE54-9A1E7A4F7556}") = "_012运算符优先级", "_012运算符优先级\_012运算符优先级.csproj", "{BDA225AA-F7CF-458F-A1F7-E1071CFFB74D}"
EndProject
Project("{9A19103F-16F7-4668-BE54-9A1E7A4F7556}") = "_013-015运算练习", "运算练习\_013-015运算练习.csproj", "{D6F8DA26-879D-4AF0-BAA0-EE313C8BDE89}"
EndProject
Project("{9A19103F-16F7-4668-BE54-9A1E7A4F7556}") = "_016-017布尔运算", "_016布尔运算\_016-017布尔运算.csproj", "{EFC5F4DD-1431-4FEF-B8FE-37CD3A8E4F4E}"
EndProject
Project("{9A19103F-16F7-4668-BE54-9A1E7A4F7556}") = "_018条件布尔运算符", "_018条件布尔运算符\_018条件布尔运算符.csproj", "{7BA3E4F0-207B-41A4-A9B6-2552F70A6D0C}"
EndProject
Project("{9A19103F-16F7-4668-BE54-9A1E7A4F7556}") = "_019关于goto语句", "_019关于goto语句\_019关于goto语句.csproj", "{EEDC3D2A-F544-4665-BE95-7CD1AED36005}"
EndProject
Project("{9A19103F-16F7-4668-BE54-9A1E7A4F7556}") = "_020if语句", "_020if语句\_020if语句.csproj", "{37BEC36E-C104-4C85-B52B-1164C90FC0F1}"
EndProject
Project("{9A19103F-16F7-4668-BE54-9A1E7A4F7556}") = "_021三元运算符", "_021三元运算符\_021三元运算符.csproj", "{8E83A32F-7538-465C-B75F-2FB37933B479}"
EndProject
Project("{9A19103F-16F7-4668-BE54-9A1E7A4F7556}") = "_022if else if else语句多条件判断", "_022if else if else语句多条件判断\_022if else if else语句多条件判断.csproj", "{347DB639-EA5B-4AEB-8D22-91A6CEB85727}"
EndProject
Project("{9A19103F-16F7-4668-BE54-9A1E7A4F7556}") = "_023switch语句", "_023switch语句\_023switch语句.csproj", "{021AF3AA-A250-4E7D-A670-B312279AE467}"
EndProject
Project("{9A19103F-16F7-4668-BE54-9A1E7A4F7556}") = "_024while循环", "_024while循环\_024while循环.csproj", "{B48BBAD5-F4DA-4D2D-9611-73848B833DC6}"
EndProject
Project("{9A19103F-16F7-4668-BE54-9A1E7A4F7556}") = "_025do while循环", "_025do while循环\_025do while循环.csproj", "{44C50296-4973-48B4-9884-5A3511C39042}"
EndProject
Project("{9A19103F-16F7-4668-BE54-9A1E7A4F7556}") = "_026for循环", "_026for循环\_026for循环.csproj", "{92F824EC-4EA7-4C67-B009-30B95D398416}"
EndProject
Project("{9A19103F-16F7-4668-BE54-9A1E7A4F7556}") = "_027循环终止Break", "_027循环终止Break\_027循环终止Break.csproj", "{EF6F5ADC-9E43-4437-907D-8B2D1E43D607}"
EndProject
Project("{9A19103F-16F7-4668-BE54-9A1E7A4F7556}") = "_028continue终止当前循环继续下个循环", "_028continue终止当前循环继续下个循环\_028continue终止当前循环继续下个循环.csproj", "{EDA5B0A7-0E43-4492-9B48-FAFB5DDF9BB2}"
EndProject
Project("{9A19103F-16F7-4668-BE54-9A1E7A4F7556}") = "_029goto和return跳出循环", "_029goto和return跳出循环\_029goto和return跳出循环.csproj", "{DE4509B0-8EDF-4AF9-82BF-907875DE281C}"
EndProject
Project("{9A19103F-16F7-4668-BE54-9A1E7A4F7556}") = "_030布尔运算符和数学运算符练习", "_030布尔运算符和数学运算符练习\_030布尔运算符和数学运算符练习.csproj", "{5F95E12E-0F98-4154-ADC3-A9A99E0D1DAB}"
EndProject
Project("{9A19103F-16F7-4668-BE54-9A1E7A4F7556}") = "_031for循环练习", "_031for循环练习\_031for循环练习.csproj", "{BFEE0C42-D328-440D-8674-BCD22C00370B}"
EndProject
Project("{9A19103F-16F7-4668-BE54-9A1E7A4F7556}") = "_032for循环和循环的嵌套调用", "_032for循环和循环的嵌套调用\_032for循环和循环的嵌套调用.csproj", "{E4DFD01D-B59B-4537-AE09-6144BC0C825C}"
EndProject
Project("{9A19103F-16F7-4668-BE54-9A1E7A4F7556}") = "_033循环的嵌套和随机数的生成", "_033循环的嵌套和随机数的生成\_033循环的嵌套和随机数的生成.csproj", "{C7ED5BA0-6B40-4FBB-9DFB-43735AA14C99}"
EndProject
Project("{9A19103F-16F7-4668-BE54-9A1E7A4F7556}") = "_034循环结构练习,字符和字符串处理", "_034循环结构练习,字符和字符串处理\_034循环结构练习,字符和字符串处理.csproj", "{B4886181-C2B1-4464-977A-18881076C9AE}"
EndProject
Project("{9A19103F-16F7-4668-BE54-9A1E7A4F7556}") = "_035循环练习", "_035循环练习\_035循环练习.csproj", "{D1421AF0-963C-4708-BF27-EB21BC1F2FE2}"
EndProject
Project("{9A19103F-16F7-4668-BE54-9A1E7A4F7556}") = "_036显式转换和隐式转换", "_036显式转换和隐式转换\_036显式转换和隐式转换.csproj", "{40CEFBF1-14F0-4558-A427-16986E536442}"
EndProject
Project("{9A19103F-16F7-4668-BE54-9A1E7A4F7556}") = "_037枚举类型", "_037枚举类型\_037枚举类型.csproj", "{39EC4148-EF6A-44DF-BF6B-6F6159234D0C}"
EndProject
Project("{9A19103F-16F7-4668-BE54-9A1E7A4F7556}") = "_038结构体", "_038结构体\_038结构体.csproj", "{8CE5D9D6-039F-442E-8AFA-212BDA2EB9CB}"
EndProject
Project("{9A19103F-16F7-4668-BE54-9A1E7A4F7556}") = "_039数组的定义和初始化", "_039数组的定义和初始化\_039数组的定义和初始化.csproj", "{4A29CFCB-2E78-45B4-A90C-0B2BF8C003BF}"
EndProject
Project("{9A19103F-16F7-4668-BE54-9A1E7A4F7556}") = "_040数组的遍历", "_040数组的遍历\_040数组的遍历.csproj", "{E1C4B3A2-2F28-4260-823C-9D7A0AC1CFE7}"
EndProject
Project("{9A19103F-16F7-4668-BE54-9A1E7A4F7556}") = "_041字符串处理", "_041字符串处理\_041字符串处理.csproj", "{C52D0409-AF88-4FC1-BCD3-770D3E7E0FD3}"
EndProject
Project("{9A19103F-16F7-4668-BE54-9A1E7A4F7556}") = "_042_100-999之间的水仙花数和364瓶可乐问题", "_042_100-999之间的水仙花数和364瓶可乐问题\_042_100-999之间的水仙花数和364瓶可乐问题.csproj", "{246EFC7F-1961-47A8-9C21-22747EFED46C}"
EndProject
Project("{9A19103F-16F7-4668-BE54-9A1E7A4F7556}") = "_043猜数字和字符串加密", "_043猜数字和字符串加密\_043猜数字和字符串加密.csproj", "{461C5ECA-4DFC-489C-B799-48EA100ED7D1}"
EndProject
Project("{9A19103F-16F7-4668-BE54-9A1E7A4F7556}") = "_044输入数字有小到大输出", "_044输入数字有小到大输出\_044输入数字有小到大输出.csproj", "{311CBB47-7DD8-4782-85D1-686FE0E837FB}"
EndProject
Project("{9A19103F-16F7-4668-BE54-9A1E7A4F7556}") = "_045每天少一半+1，第N天只剩1，一共有几", "_045每天少一半+1，第N天只剩1，一共有几\_045每天少一半+1，第N天只剩1，一共有几.csproj", "{5ED756D9-7F65-4B5F-9B45-608DB715809E}"
EndProject
Project("{9A19103F-16F7-4668-BE54-9A1E7A4F7556}") = "_046n个整数从小到大排列再插入个x重新排列，发工资最少用几张RMB不找零", "_046n个整数从小到大排列再插入个x重新排列\_046n个整数从小到大排列再插入个x重新排列，发工资最少用几张RMB不找零.csproj", "{5078C02B-5F51-46B7-9DA4-601372BD7ED4}"
EndProject
Project("{9A19103F-16F7-4668-BE54-9A1E7A4F7556}") = "_047回文串判断，安全密码", "_047回文串判断，安全密码\_047回文串判断，安全密码.csproj", "{4DE4B4CA-47C6-4494-9F92-8A3F3ED3502F}"
EndProject
Project("{9A19103F-16F7-4668-BE54-9A1E7A4F7556}") = "_048函数(方法)", "_048函数(方法)\_048函数(方法).csproj", "{B67EBFF6-76B5-48C7-B325-BDEC2B78089A}"
EndProject
Project("{9A19103F-16F7-4668-BE54-9A1E7A4F7556}") = "_049函数案例", "_049函数案例\_049函数案例.csproj", "{112F8752-D7C6-4AB0-9013-3706CFE5165A}"
EndProject
Project("{9A19103F-16F7-4668-BE54-9A1E7A4F7556}") = "_050参数数组，定义一个参数个数不确定的函数", "_050参数数组，定义一个参数个数不确定的函数\_050参数数组，定义一个参数个数不确定的函数.csproj", "{3F36CA0E-F396-447E-9BD4-69C2CAE49CDB}"
EndProject
Project("{9A19103F-16F7-4668-BE54-9A1E7A4F7556}") = "_051结构函数", "_051结构函数\_051结构函数.csproj", "{779E383F-1075-4D78-9252-7E3D808172DA}"
EndProject
Project("{9A19103F-16F7-4668-BE54-9A1E7A4F7556}") = "_052函数的重载", "_052函数的重载\_052函数的重载.csproj", "{14685FF5-6AE2-45F5-9732-D6487DB12F88}"
EndProject
Project("{9A19103F-16F7-4668-BE54-9A1E7A4F7556}") = "_053委托的使用", "_053委托的使用\_053委托的使用.csproj", "{08A121DB-3F16-4805-B4BB-16B502F9B69A}"
EndProject
Project("{9A19103F-16F7-4668-BE54-9A1E7A4F7556}") = "_054函数的递归调用", "_054函数的递归调用\_054函数的递归调用.csproj", "{55213531-07DA-4754-8BCF-FA75645704A3}"
EndProject
Project("{9A19103F-16F7-4668-BE54-9A1E7A4F7556}") = "_055循环和函数练习", "_055循环和函数练习\_055循环和函数练习.csproj", "{8FF5C4EC-040B-4F34-80CA-0FB1287999C4}"
EndProject
Project("{9A19103F-16F7-4668-BE54-9A1E7A4F7556}") = "_056递归求5阶乘 定义结构类型 四舍五入运算", "_056递归求5阶乘 定义结构类型 四舍五入运算\_056递归求5阶乘 定义结构类型 四舍五入运算.csproj", "{77441BC6-C974-4BBC-9C25-6C0638E6AB2C}"
EndProject
Project("{9A19103F-16F7-4668-BE54-9A1E7A4F7556}") = "_057正整数平方和小于2000的最大数字是多少 百元买公鸡母鸡小鸡个数问题", "_057正整数平方和小于2000的最大数字是多少 百元买公鸡母鸡小鸡个数问题\_057正整数平方和小于2000的最大数字是多少 百元买公鸡母鸡小鸡个数问题.csproj", "{35FD7AF7-330B-4CA1-96FF-A0C7E57686BD}"
EndProject
Project("{9A19103F-16F7-4668-BE54-9A1E7A4F7556}") = "考试用1", "考试用1\考试用1.csproj", "{6F16B025-D4DA-4A5A-8A32-2DEBDF2EC220}"
EndProject
Project("{9A19103F-16F7-4668-BE54-9A1E7A4F7556}") = "考试用2", "考试用2\考试用2.csproj", "{B5EAE6B2-2733-4D21-9D58-50413CFE78F7}"
EndProject
Project("{9A19103F-16F7-4668-BE54-9A1E7A4F7556}") = "考试用6", "考试用6\考试用6.csproj", "{989D87D7-6297-4215-A44C-9E7983BC15F5}"
EndProject
Project("{9A19103F-16F7-4668-BE54-9A1E7A4F7556}") = "考试用3", "考试3\考试用3.csproj", "{E038229F-6F99-46F0-99F7-12D2C33EAED6}"
EndProject
Project("{9A19103F-16F7-4668-BE54-9A1E7A4F7556}") = "考试用4", "考试用4\考试用4.csproj", "{81393A15-A8C3-4061-9FC3-84A8CB36379A}"
EndProject
Project("{9A19103F-16F7-4668-BE54-9A1E7A4F7556}") = "考试用7", "考试用7\考试用7.csproj", "{E0C1BEE2-27EB-42FE-997F-D1C87CAE725D}"
EndProject
Project("{9A19103F-16F7-4668-BE54-9A1E7A4F7556}") = "考试用5", "考试用5\考试用5.csproj", "{77F7B58E-EC03-4202-879C-5063B952D89A}"
EndProject
Project("{FAE04EC0-301F-11D3-BF4B-00C04F79EFBC}") = "设计模式学习", "设计模式学习\设计模式学习.csproj", "{E7E866D3-30E7-43F0-8AE9-991A8AAE9842}"
EndProject
Global
	GlobalSection(SolutionConfigurationPlatforms) = preSolution
		Debug|Any CPU = Debug|Any CPU
		Release|Any CPU = Release|Any CPU
	EndGlobalSection
	GlobalSection(ProjectConfigurationPlatforms) = postSolution
		{E2632CAD-1B41-4AFE-9DA0-A6577C3512BD}.Debug|Any CPU.ActiveCfg = Debug|Any CPU
		{E2632CAD-1B41-4AFE-9DA0-A6577C3512BD}.Debug|Any CPU.Build.0 = Debug|Any CPU
		{E2632CAD-1B41-4AFE-9DA0-A6577C3512BD}.Release|Any CPU.ActiveCfg = Release|Any CPU
		{E2632CAD-1B41-4AFE-9DA0-A6577C3512BD}.Release|Any CPU.Build.0 = Release|Any CPU
		{8CFB7F0A-EA27-44A2-B5F2-CD480BB204D7}.Debug|Any CPU.ActiveCfg = Debug|Any CPU
		{8CFB7F0A-EA27-44A2-B5F2-CD480BB204D7}.Debug|Any CPU.Build.0 = Debug|Any CPU
		{8CFB7F0A-EA27-44A2-B5F2-CD480BB204D7}.Release|Any CPU.ActiveCfg = Release|Any CPU
		{8CFB7F0A-EA27-44A2-B5F2-CD480BB204D7}.Release|Any CPU.Build.0 = Release|Any CPU
		{F6DA2685-3195-47A8-906F-8D8809627AC3}.Debug|Any CPU.ActiveCfg = Debug|Any CPU
		{F6DA2685-3195-47A8-906F-8D8809627AC3}.Debug|Any CPU.Build.0 = Debug|Any CPU
		{F6DA2685-3195-47A8-906F-8D8809627AC3}.Release|Any CPU.ActiveCfg = Release|Any CPU
		{F6DA2685-3195-47A8-906F-8D8809627AC3}.Release|Any CPU.Build.0 = Release|Any CPU
		{E57BFAFB-10A7-46F7-AFCA-A263F4E550DE}.Debug|Any CPU.ActiveCfg = Debug|Any CPU
		{E57BFAFB-10A7-46F7-AFCA-A263F4E550DE}.Debug|Any CPU.Build.0 = Debug|Any CPU
		{E57BFAFB-10A7-46F7-AFCA-A263F4E550DE}.Release|Any CPU.ActiveCfg = Release|Any CPU
		{E57BFAFB-10A7-46F7-AFCA-A263F4E550DE}.Release|Any CPU.Build.0 = Release|Any CPU
		{E1D5FFBA-97E9-4495-980A-57CE5D1B2CEC}.Debug|Any CPU.ActiveCfg = Debug|Any CPU
		{E1D5FFBA-97E9-4495-980A-57CE5D1B2CEC}.Debug|Any CPU.Build.0 = Debug|Any CPU
		{E1D5FFBA-97E9-4495-980A-57CE5D1B2CEC}.Release|Any CPU.ActiveCfg = Release|Any CPU
		{E1D5FFBA-97E9-4495-980A-57CE5D1B2CEC}.Release|Any CPU.Build.0 = Release|Any CPU
		{E0B77FA5-C78F-488A-A60A-234EE62262F5}.Debug|Any CPU.ActiveCfg = Debug|Any CPU
		{E0B77FA5-C78F-488A-A60A-234EE62262F5}.Debug|Any CPU.Build.0 = Debug|Any CPU
		{E0B77FA5-C78F-488A-A60A-234EE62262F5}.Release|Any CPU.ActiveCfg = Release|Any CPU
		{E0B77FA5-C78F-488A-A60A-234EE62262F5}.Release|Any CPU.Build.0 = Release|Any CPU
		{7C542B59-6D9E-4A68-881A-C11E3435E144}.Debug|Any CPU.ActiveCfg = Debug|Any CPU
		{7C542B59-6D9E-4A68-881A-C11E3435E144}.Debug|Any CPU.Build.0 = Debug|Any CPU
		{7C542B59-6D9E-4A68-881A-C11E3435E144}.Release|Any CPU.ActiveCfg = Release|Any CPU
		{7C542B59-6D9E-4A68-881A-C11E3435E144}.Release|Any CPU.Build.0 = Release|Any CPU
		{49C3158B-B9F7-4A6F-A2B3-48B675524C05}.Debug|Any CPU.ActiveCfg = Debug|Any CPU
		{49C3158B-B9F7-4A6F-A2B3-48B675524C05}.Debug|Any CPU.Build.0 = Debug|Any CPU
		{49C3158B-B9F7-4A6F-A2B3-48B675524C05}.Release|Any CPU.ActiveCfg = Release|Any CPU
		{49C3158B-B9F7-4A6F-A2B3-48B675524C05}.Release|Any CPU.Build.0 = Release|Any CPU
		{8D1F6A2F-8700-42E9-B3D9-6ED1DCD8476B}.Debug|Any CPU.ActiveCfg = Debug|Any CPU
		{8D1F6A2F-8700-42E9-B3D9-6ED1DCD8476B}.Debug|Any CPU.Build.0 = Debug|Any CPU
		{8D1F6A2F-8700-42E9-B3D9-6ED1DCD8476B}.Release|Any CPU.ActiveCfg = Release|Any CPU
		{8D1F6A2F-8700-42E9-B3D9-6ED1DCD8476B}.Release|Any CPU.Build.0 = Release|Any CPU
		{1CBF1C5D-5DD9-408C-908C-EBF50F9F3C66}.Debug|Any CPU.ActiveCfg = Debug|Any CPU
		{1CBF1C5D-5DD9-408C-908C-EBF50F9F3C66}.Debug|Any CPU.Build.0 = Debug|Any CPU
		{1CBF1C5D-5DD9-408C-908C-EBF50F9F3C66}.Release|Any CPU.ActiveCfg = Release|Any CPU
		{1CBF1C5D-5DD9-408C-908C-EBF50F9F3C66}.Release|Any CPU.Build.0 = Release|Any CPU
		{581F76DD-AA4E-43B6-AC2E-9D3A47F51EE0}.Debug|Any CPU.ActiveCfg = Debug|Any CPU
		{581F76DD-AA4E-43B6-AC2E-9D3A47F51EE0}.Debug|Any CPU.Build.0 = Debug|Any CPU
		{581F76DD-AA4E-43B6-AC2E-9D3A47F51EE0}.Release|Any CPU.ActiveCfg = Release|Any CPU
		{581F76DD-AA4E-43B6-AC2E-9D3A47F51EE0}.Release|Any CPU.Build.0 = Release|Any CPU
		{BDA225AA-F7CF-458F-A1F7-E1071CFFB74D}.Debug|Any CPU.ActiveCfg = Debug|Any CPU
		{BDA225AA-F7CF-458F-A1F7-E1071CFFB74D}.Debug|Any CPU.Build.0 = Debug|Any CPU
		{BDA225AA-F7CF-458F-A1F7-E1071CFFB74D}.Release|Any CPU.ActiveCfg = Release|Any CPU
		{BDA225AA-F7CF-458F-A1F7-E1071CFFB74D}.Release|Any CPU.Build.0 = Release|Any CPU
		{D6F8DA26-879D-4AF0-BAA0-EE313C8BDE89}.Debug|Any CPU.ActiveCfg = Debug|Any CPU
		{D6F8DA26-879D-4AF0-BAA0-EE313C8BDE89}.Debug|Any CPU.Build.0 = Debug|Any CPU
		{D6F8DA26-879D-4AF0-BAA0-EE313C8BDE89}.Release|Any CPU.ActiveCfg = Release|Any CPU
		{D6F8DA26-879D-4AF0-BAA0-EE313C8BDE89}.Release|Any CPU.Build.0 = Release|Any CPU
		{EFC5F4DD-1431-4FEF-B8FE-37CD3A8E4F4E}.Debug|Any CPU.ActiveCfg = Debug|Any CPU
		{EFC5F4DD-1431-4FEF-B8FE-37CD3A8E4F4E}.Debug|Any CPU.Build.0 = Debug|Any CPU
		{EFC5F4DD-1431-4FEF-B8FE-37CD3A8E4F4E}.Release|Any CPU.ActiveCfg = Release|Any CPU
		{EFC5F4DD-1431-4FEF-B8FE-37CD3A8E4F4E}.Release|Any CPU.Build.0 = Release|Any CPU
		{7BA3E4F0-207B-41A4-A9B6-2552F70A6D0C}.Debug|Any CPU.ActiveCfg = Debug|Any CPU
		{7BA3E4F0-207B-41A4-A9B6-2552F70A6D0C}.Debug|Any CPU.Build.0 = Debug|Any CPU
		{7BA3E4F0-207B-41A4-A9B6-2552F70A6D0C}.Release|Any CPU.ActiveCfg = Release|Any CPU
		{7BA3E4F0-207B-41A4-A9B6-2552F70A6D0C}.Release|Any CPU.Build.0 = Release|Any CPU
		{EEDC3D2A-F544-4665-BE95-7CD1AED36005}.Debug|Any CPU.ActiveCfg = Debug|Any CPU
		{EEDC3D2A-F544-4665-BE95-7CD1AED36005}.Debug|Any CPU.Build.0 = Debug|Any CPU
		{EEDC3D2A-F544-4665-BE95-7CD1AED36005}.Release|Any CPU.ActiveCfg = Release|Any CPU
		{EEDC3D2A-F544-4665-BE95-7CD1AED36005}.Release|Any CPU.Build.0 = Release|Any CPU
		{37BEC36E-C104-4C85-B52B-1164C90FC0F1}.Debug|Any CPU.ActiveCfg = Debug|Any CPU
		{37BEC36E-C104-4C85-B52B-1164C90FC0F1}.Debug|Any CPU.Build.0 = Debug|Any CPU
		{37BEC36E-C104-4C85-B52B-1164C90FC0F1}.Release|Any CPU.ActiveCfg = Release|Any CPU
		{37BEC36E-C104-4C85-B52B-1164C90FC0F1}.Release|Any CPU.Build.0 = Release|Any CPU
		{8E83A32F-7538-465C-B75F-2FB37933B479}.Debug|Any CPU.ActiveCfg = Debug|Any CPU
		{8E83A32F-7538-465C-B75F-2FB37933B479}.Debug|Any CPU.Build.0 = Debug|Any CPU
		{8E83A32F-7538-465C-B75F-2FB37933B479}.Release|Any CPU.ActiveCfg = Release|Any CPU
		{8E83A32F-7538-465C-B75F-2FB37933B479}.Release|Any CPU.Build.0 = Release|Any CPU
		{347DB639-EA5B-4AEB-8D22-91A6CEB85727}.Debug|Any CPU.ActiveCfg = Debug|Any CPU
		{347DB639-EA5B-4AEB-8D22-91A6CEB85727}.Debug|Any CPU.Build.0 = Debug|Any CPU
		{347DB639-EA5B-4AEB-8D22-91A6CEB85727}.Release|Any CPU.ActiveCfg = Release|Any CPU
		{347DB639-EA5B-4AEB-8D22-91A6CEB85727}.Release|Any CPU.Build.0 = Release|Any CPU
		{021AF3AA-A250-4E7D-A670-B312279AE467}.Debug|Any CPU.ActiveCfg = Debug|Any CPU
		{021AF3AA-A250-4E7D-A670-B312279AE467}.Debug|Any CPU.Build.0 = Debug|Any CPU
		{021AF3AA-A250-4E7D-A670-B312279AE467}.Release|Any CPU.ActiveCfg = Release|Any CPU
		{021AF3AA-A250-4E7D-A670-B312279AE467}.Release|Any CPU.Build.0 = Release|Any CPU
		{B48BBAD5-F4DA-4D2D-9611-73848B833DC6}.Debug|Any CPU.ActiveCfg = Debug|Any CPU
		{B48BBAD5-F4DA-4D2D-9611-73848B833DC6}.Debug|Any CPU.Build.0 = Debug|Any CPU
		{B48BBAD5-F4DA-4D2D-9611-73848B833DC6}.Release|Any CPU.ActiveCfg = Release|Any CPU
		{B48BBAD5-F4DA-4D2D-9611-73848B833DC6}.Release|Any CPU.Build.0 = Release|Any CPU
		{44C50296-4973-48B4-9884-5A3511C39042}.Debug|Any CPU.ActiveCfg = Debug|Any CPU
		{44C50296-4973-48B4-9884-5A3511C39042}.Debug|Any CPU.Build.0 = Debug|Any CPU
		{44C50296-4973-48B4-9884-5A3511C39042}.Release|Any CPU.ActiveCfg = Release|Any CPU
		{44C50296-4973-48B4-9884-5A3511C39042}.Release|Any CPU.Build.0 = Release|Any CPU
		{92F824EC-4EA7-4C67-B009-30B95D398416}.Debug|Any CPU.ActiveCfg = Debug|Any CPU
		{92F824EC-4EA7-4C67-B009-30B95D398416}.Debug|Any CPU.Build.0 = Debug|Any CPU
		{92F824EC-4EA7-4C67-B009-30B95D398416}.Release|Any CPU.ActiveCfg = Release|Any CPU
		{92F824EC-4EA7-4C67-B009-30B95D398416}.Release|Any CPU.Build.0 = Release|Any CPU
		{EF6F5ADC-9E43-4437-907D-8B2D1E43D607}.Debug|Any CPU.ActiveCfg = Debug|Any CPU
		{EF6F5ADC-9E43-4437-907D-8B2D1E43D607}.Debug|Any CPU.Build.0 = Debug|Any CPU
		{EF6F5ADC-9E43-4437-907D-8B2D1E43D607}.Release|Any CPU.ActiveCfg = Release|Any CPU
		{EF6F5ADC-9E43-4437-907D-8B2D1E43D607}.Release|Any CPU.Build.0 = Release|Any CPU
		{EDA5B0A7-0E43-4492-9B48-FAFB5DDF9BB2}.Debug|Any CPU.ActiveCfg = Debug|Any CPU
		{EDA5B0A7-0E43-4492-9B48-FAFB5DDF9BB2}.Debug|Any CPU.Build.0 = Debug|Any CPU
		{EDA5B0A7-0E43-4492-9B48-FAFB5DDF9BB2}.Release|Any CPU.ActiveCfg = Release|Any CPU
		{EDA5B0A7-0E43-4492-9B48-FAFB5DDF9BB2}.Release|Any CPU.Build.0 = Release|Any CPU
		{DE4509B0-8EDF-4AF9-82BF-907875DE281C}.Debug|Any CPU.ActiveCfg = Debug|Any CPU
		{DE4509B0-8EDF-4AF9-82BF-907875DE281C}.Debug|Any CPU.Build.0 = Debug|Any CPU
		{DE4509B0-8EDF-4AF9-82BF-907875DE281C}.Release|Any CPU.ActiveCfg = Release|Any CPU
		{DE4509B0-8EDF-4AF9-82BF-907875DE281C}.Release|Any CPU.Build.0 = Release|Any CPU
		{5F95E12E-0F98-4154-ADC3-A9A99E0D1DAB}.Debug|Any CPU.ActiveCfg = Debug|Any CPU
		{5F95E12E-0F98-4154-ADC3-A9A99E0D1DAB}.Debug|Any CPU.Build.0 = Debug|Any CPU
		{5F95E12E-0F98-4154-ADC3-A9A99E0D1DAB}.Release|Any CPU.ActiveCfg = Release|Any CPU
		{5F95E12E-0F98-4154-ADC3-A9A99E0D1DAB}.Release|Any CPU.Build.0 = Release|Any CPU
		{BFEE0C42-D328-440D-8674-BCD22C00370B}.Debug|Any CPU.ActiveCfg = Debug|Any CPU
		{BFEE0C42-D328-440D-8674-BCD22C00370B}.Debug|Any CPU.Build.0 = Debug|Any CPU
		{BFEE0C42-D328-440D-8674-BCD22C00370B}.Release|Any CPU.ActiveCfg = Release|Any CPU
		{BFEE0C42-D328-440D-8674-BCD22C00370B}.Release|Any CPU.Build.0 = Release|Any CPU
		{E4DFD01D-B59B-4537-AE09-6144BC0C825C}.Debug|Any CPU.ActiveCfg = Debug|Any CPU
		{E4DFD01D-B59B-4537-AE09-6144BC0C825C}.Debug|Any CPU.Build.0 = Debug|Any CPU
		{E4DFD01D-B59B-4537-AE09-6144BC0C825C}.Release|Any CPU.ActiveCfg = Release|Any CPU
		{E4DFD01D-B59B-4537-AE09-6144BC0C825C}.Release|Any CPU.Build.0 = Release|Any CPU
		{C7ED5BA0-6B40-4FBB-9DFB-43735AA14C99}.Debug|Any CPU.ActiveCfg = Debug|Any CPU
		{C7ED5BA0-6B40-4FBB-9DFB-43735AA14C99}.Debug|Any CPU.Build.0 = Debug|Any CPU
		{C7ED5BA0-6B40-4FBB-9DFB-43735AA14C99}.Release|Any CPU.ActiveCfg = Release|Any CPU
		{C7ED5BA0-6B40-4FBB-9DFB-43735AA14C99}.Release|Any CPU.Build.0 = Release|Any CPU
		{B4886181-C2B1-4464-977A-18881076C9AE}.Debug|Any CPU.ActiveCfg = Debug|Any CPU
		{B4886181-C2B1-4464-977A-18881076C9AE}.Debug|Any CPU.Build.0 = Debug|Any CPU
		{B4886181-C2B1-4464-977A-18881076C9AE}.Release|Any CPU.ActiveCfg = Release|Any CPU
		{B4886181-C2B1-4464-977A-18881076C9AE}.Release|Any CPU.Build.0 = Release|Any CPU
		{D1421AF0-963C-4708-BF27-EB21BC1F2FE2}.Debug|Any CPU.ActiveCfg = Debug|Any CPU
		{D1421AF0-963C-4708-BF27-EB21BC1F2FE2}.Debug|Any CPU.Build.0 = Debug|Any CPU
		{D1421AF0-963C-4708-BF27-EB21BC1F2FE2}.Release|Any CPU.ActiveCfg = Release|Any CPU
		{D1421AF0-963C-4708-BF27-EB21BC1F2FE2}.Release|Any CPU.Build.0 = Release|Any CPU
		{40CEFBF1-14F0-4558-A427-16986E536442}.Debug|Any CPU.ActiveCfg = Debug|Any CPU
		{40CEFBF1-14F0-4558-A427-16986E536442}.Debug|Any CPU.Build.0 = Debug|Any CPU
		{40CEFBF1-14F0-4558-A427-16986E536442}.Release|Any CPU.ActiveCfg = Release|Any CPU
		{40CEFBF1-14F0-4558-A427-16986E536442}.Release|Any CPU.Build.0 = Release|Any CPU
		{39EC4148-EF6A-44DF-BF6B-6F6159234D0C}.Debug|Any CPU.ActiveCfg = Debug|Any CPU
		{39EC4148-EF6A-44DF-BF6B-6F6159234D0C}.Debug|Any CPU.Build.0 = Debug|Any CPU
		{39EC4148-EF6A-44DF-BF6B-6F6159234D0C}.Release|Any CPU.ActiveCfg = Release|Any CPU
		{39EC4148-EF6A-44DF-BF6B-6F6159234D0C}.Release|Any CPU.Build.0 = Release|Any CPU
		{8CE5D9D6-039F-442E-8AFA-212BDA2EB9CB}.Debug|Any CPU.ActiveCfg = Debug|Any CPU
		{8CE5D9D6-039F-442E-8AFA-212BDA2EB9CB}.Debug|Any CPU.Build.0 = Debug|Any CPU
		{8CE5D9D6-039F-442E-8AFA-212BDA2EB9CB}.Release|Any CPU.ActiveCfg = Release|Any CPU
		{8CE5D9D6-039F-442E-8AFA-212BDA2EB9CB}.Release|Any CPU.Build.0 = Release|Any CPU
		{4A29CFCB-2E78-45B4-A90C-0B2BF8C003BF}.Debug|Any CPU.ActiveCfg = Debug|Any CPU
		{4A29CFCB-2E78-45B4-A90C-0B2BF8C003BF}.Debug|Any CPU.Build.0 = Debug|Any CPU
		{4A29CFCB-2E78-45B4-A90C-0B2BF8C003BF}.Release|Any CPU.ActiveCfg = Release|Any CPU
		{4A29CFCB-2E78-45B4-A90C-0B2BF8C003BF}.Release|Any CPU.Build.0 = Release|Any CPU
		{E1C4B3A2-2F28-4260-823C-9D7A0AC1CFE7}.Debug|Any CPU.ActiveCfg = Debug|Any CPU
		{E1C4B3A2-2F28-4260-823C-9D7A0AC1CFE7}.Debug|Any CPU.Build.0 = Debug|Any CPU
		{E1C4B3A2-2F28-4260-823C-9D7A0AC1CFE7}.Release|Any CPU.ActiveCfg = Release|Any CPU
		{E1C4B3A2-2F28-4260-823C-9D7A0AC1CFE7}.Release|Any CPU.Build.0 = Release|Any CPU
		{C52D0409-AF88-4FC1-BCD3-770D3E7E0FD3}.Debug|Any CPU.ActiveCfg = Debug|Any CPU
		{C52D0409-AF88-4FC1-BCD3-770D3E7E0FD3}.Debug|Any CPU.Build.0 = Debug|Any CPU
		{C52D0409-AF88-4FC1-BCD3-770D3E7E0FD3}.Release|Any CPU.ActiveCfg = Release|Any CPU
		{C52D0409-AF88-4FC1-BCD3-770D3E7E0FD3}.Release|Any CPU.Build.0 = Release|Any CPU
		{246EFC7F-1961-47A8-9C21-22747EFED46C}.Debug|Any CPU.ActiveCfg = Debug|Any CPU
		{246EFC7F-1961-47A8-9C21-22747EFED46C}.Debug|Any CPU.Build.0 = Debug|Any CPU
		{246EFC7F-1961-47A8-9C21-22747EFED46C}.Release|Any CPU.ActiveCfg = Release|Any CPU
		{246EFC7F-1961-47A8-9C21-22747EFED46C}.Release|Any CPU.Build.0 = Release|Any CPU
		{461C5ECA-4DFC-489C-B799-48EA100ED7D1}.Debug|Any CPU.ActiveCfg = Debug|Any CPU
		{461C5ECA-4DFC-489C-B799-48EA100ED7D1}.Debug|Any CPU.Build.0 = Debug|Any CPU
		{461C5ECA-4DFC-489C-B799-48EA100ED7D1}.Release|Any CPU.ActiveCfg = Release|Any CPU
		{461C5ECA-4DFC-489C-B799-48EA100ED7D1}.Release|Any CPU.Build.0 = Release|Any CPU
		{311CBB47-7DD8-4782-85D1-686FE0E837FB}.Debug|Any CPU.ActiveCfg = Debug|Any CPU
		{311CBB47-7DD8-4782-85D1-686FE0E837FB}.Debug|Any CPU.Build.0 = Debug|Any CPU
		{311CBB47-7DD8-4782-85D1-686FE0E837FB}.Release|Any CPU.ActiveCfg = Release|Any CPU
		{311CBB47-7DD8-4782-85D1-686FE0E837FB}.Release|Any CPU.Build.0 = Release|Any CPU
		{5ED756D9-7F65-4B5F-9B45-608DB715809E}.Debug|Any CPU.ActiveCfg = Debug|Any CPU
		{5ED756D9-7F65-4B5F-9B45-608DB715809E}.Debug|Any CPU.Build.0 = Debug|Any CPU
		{5ED756D9-7F65-4B5F-9B45-608DB715809E}.Release|Any CPU.ActiveCfg = Release|Any CPU
		{5ED756D9-7F65-4B5F-9B45-608DB715809E}.Release|Any CPU.Build.0 = Release|Any CPU
		{5078C02B-5F51-46B7-9DA4-601372BD7ED4}.Debug|Any CPU.ActiveCfg = Debug|Any CPU
		{5078C02B-5F51-46B7-9DA4-601372BD7ED4}.Debug|Any CPU.Build.0 = Debug|Any CPU
		{5078C02B-5F51-46B7-9DA4-601372BD7ED4}.Release|Any CPU.ActiveCfg = Release|Any CPU
		{5078C02B-5F51-46B7-9DA4-601372BD7ED4}.Release|Any CPU.Build.0 = Release|Any CPU
		{4DE4B4CA-47C6-4494-9F92-8A3F3ED3502F}.Debug|Any CPU.ActiveCfg = Debug|Any CPU
		{4DE4B4CA-47C6-4494-9F92-8A3F3ED3502F}.Debug|Any CPU.Build.0 = Debug|Any CPU
		{4DE4B4CA-47C6-4494-9F92-8A3F3ED3502F}.Release|Any CPU.ActiveCfg = Release|Any CPU
		{4DE4B4CA-47C6-4494-9F92-8A3F3ED3502F}.Release|Any CPU.Build.0 = Release|Any CPU
		{B67EBFF6-76B5-48C7-B325-BDEC2B78089A}.Debug|Any CPU.ActiveCfg = Debug|Any CPU
		{B67EBFF6-76B5-48C7-B325-BDEC2B78089A}.Debug|Any CPU.Build.0 = Debug|Any CPU
		{B67EBFF6-76B5-48C7-B325-BDEC2B78089A}.Release|Any CPU.ActiveCfg = Release|Any CPU
		{B67EBFF6-76B5-48C7-B325-BDEC2B78089A}.Release|Any CPU.Build.0 = Release|Any CPU
		{112F8752-D7C6-4AB0-9013-3706CFE5165A}.Debug|Any CPU.ActiveCfg = Debug|Any CPU
		{112F8752-D7C6-4AB0-9013-3706CFE5165A}.Debug|Any CPU.Build.0 = Debug|Any CPU
		{112F8752-D7C6-4AB0-9013-3706CFE5165A}.Release|Any CPU.ActiveCfg = Release|Any CPU
		{112F8752-D7C6-4AB0-9013-3706CFE5165A}.Release|Any CPU.Build.0 = Release|Any CPU
		{3F36CA0E-F396-447E-9BD4-69C2CAE49CDB}.Debug|Any CPU.ActiveCfg = Debug|Any CPU
		{3F36CA0E-F396-447E-9BD4-69C2CAE49CDB}.Debug|Any CPU.Build.0 = Debug|Any CPU
		{3F36CA0E-F396-447E-9BD4-69C2CAE49CDB}.Release|Any CPU.ActiveCfg = Release|Any CPU
		{3F36CA0E-F396-447E-9BD4-69C2CAE49CDB}.Release|Any CPU.Build.0 = Release|Any CPU
		{779E383F-1075-4D78-9252-7E3D808172DA}.Debug|Any CPU.ActiveCfg = Debug|Any CPU
		{779E383F-1075-4D78-9252-7E3D808172DA}.Debug|Any CPU.Build.0 = Debug|Any CPU
		{779E383F-1075-4D78-9252-7E3D808172DA}.Release|Any CPU.ActiveCfg = Release|Any CPU
		{779E383F-1075-4D78-9252-7E3D808172DA}.Release|Any CPU.Build.0 = Release|Any CPU
		{14685FF5-6AE2-45F5-9732-D6487DB12F88}.Debug|Any CPU.ActiveCfg = Debug|Any CPU
		{14685FF5-6AE2-45F5-9732-D6487DB12F88}.Debug|Any CPU.Build.0 = Debug|Any CPU
		{14685FF5-6AE2-45F5-9732-D6487DB12F88}.Release|Any CPU.ActiveCfg = Release|Any CPU
		{14685FF5-6AE2-45F5-9732-D6487DB12F88}.Release|Any CPU.Build.0 = Release|Any CPU
		{08A121DB-3F16-4805-B4BB-16B502F9B69A}.Debug|Any CPU.ActiveCfg = Debug|Any CPU
		{08A121DB-3F16-4805-B4BB-16B502F9B69A}.Debug|Any CPU.Build.0 = Debug|Any CPU
		{08A121DB-3F16-4805-B4BB-16B502F9B69A}.Release|Any CPU.ActiveCfg = Release|Any CPU
		{08A121DB-3F16-4805-B4BB-16B502F9B69A}.Release|Any CPU.Build.0 = Release|Any CPU
		{55213531-07DA-4754-8BCF-FA75645704A3}.Debug|Any CPU.ActiveCfg = Debug|Any CPU
		{55213531-07DA-4754-8BCF-FA75645704A3}.Debug|Any CPU.Build.0 = Debug|Any CPU
		{55213531-07DA-4754-8BCF-FA75645704A3}.Release|Any CPU.ActiveCfg = Release|Any CPU
		{55213531-07DA-4754-8BCF-FA75645704A3}.Release|Any CPU.Build.0 = Release|Any CPU
		{8FF5C4EC-040B-4F34-80CA-0FB1287999C4}.Debug|Any CPU.ActiveCfg = Debug|Any CPU
		{8FF5C4EC-040B-4F34-80CA-0FB1287999C4}.Debug|Any CPU.Build.0 = Debug|Any CPU
		{8FF5C4EC-040B-4F34-80CA-0FB1287999C4}.Release|Any CPU.ActiveCfg = Release|Any CPU
		{8FF5C4EC-040B-4F34-80CA-0FB1287999C4}.Release|Any CPU.Build.0 = Release|Any CPU
		{77441BC6-C974-4BBC-9C25-6C0638E6AB2C}.Debug|Any CPU.ActiveCfg = Debug|Any CPU
		{77441BC6-C974-4BBC-9C25-6C0638E6AB2C}.Debug|Any CPU.Build.0 = Debug|Any CPU
		{77441BC6-C974-4BBC-9C25-6C0638E6AB2C}.Release|Any CPU.ActiveCfg = Release|Any CPU
		{77441BC6-C974-4BBC-9C25-6C0638E6AB2C}.Release|Any CPU.Build.0 = Release|Any CPU
		{35FD7AF7-330B-4CA1-96FF-A0C7E57686BD}.Debug|Any CPU.ActiveCfg = Debug|Any CPU
		{35FD7AF7-330B-4CA1-96FF-A0C7E57686BD}.Debug|Any CPU.Build.0 = Debug|Any CPU
		{35FD7AF7-330B-4CA1-96FF-A0C7E57686BD}.Release|Any CPU.ActiveCfg = Release|Any CPU
		{35FD7AF7-330B-4CA1-96FF-A0C7E57686BD}.Release|Any CPU.Build.0 = Release|Any CPU
		{6F16B025-D4DA-4A5A-8A32-2DEBDF2EC220}.Debug|Any CPU.ActiveCfg = Debug|Any CPU
		{6F16B025-D4DA-4A5A-8A32-2DEBDF2EC220}.Debug|Any CPU.Build.0 = Debug|Any CPU
		{6F16B025-D4DA-4A5A-8A32-2DEBDF2EC220}.Release|Any CPU.ActiveCfg = Release|Any CPU
		{6F16B025-D4DA-4A5A-8A32-2DEBDF2EC220}.Release|Any CPU.Build.0 = Release|Any CPU
		{B5EAE6B2-2733-4D21-9D58-50413CFE78F7}.Debug|Any CPU.ActiveCfg = Debug|Any CPU
		{B5EAE6B2-2733-4D21-9D58-50413CFE78F7}.Debug|Any CPU.Build.0 = Debug|Any CPU
		{B5EAE6B2-2733-4D21-9D58-50413CFE78F7}.Release|Any CPU.ActiveCfg = Release|Any CPU
		{B5EAE6B2-2733-4D21-9D58-50413CFE78F7}.Release|Any CPU.Build.0 = Release|Any CPU
		{989D87D7-6297-4215-A44C-9E7983BC15F5}.Debug|Any CPU.ActiveCfg = Debug|Any CPU
		{989D87D7-6297-4215-A44C-9E7983BC15F5}.Debug|Any CPU.Build.0 = Debug|Any CPU
		{989D87D7-6297-4215-A44C-9E7983BC15F5}.Release|Any CPU.ActiveCfg = Release|Any CPU
		{989D87D7-6297-4215-A44C-9E7983BC15F5}.Release|Any CPU.Build.0 = Release|Any CPU
		{E038229F-6F99-46F0-99F7-12D2C33EAED6}.Debug|Any CPU.ActiveCfg = Debug|Any CPU
		{E038229F-6F99-46F0-99F7-12D2C33EAED6}.Debug|Any CPU.Build.0 = Debug|Any CPU
		{E038229F-6F99-46F0-99F7-12D2C33EAED6}.Release|Any CPU.ActiveCfg = Release|Any CPU
		{E038229F-6F99-46F0-99F7-12D2C33EAED6}.Release|Any CPU.Build.0 = Release|Any CPU
		{81393A15-A8C3-4061-9FC3-84A8CB36379A}.Debug|Any CPU.ActiveCfg = Debug|Any CPU
		{81393A15-A8C3-4061-9FC3-84A8CB36379A}.Debug|Any CPU.Build.0 = Debug|Any CPU
		{81393A15-A8C3-4061-9FC3-84A8CB36379A}.Release|Any CPU.ActiveCfg = Release|Any CPU
		{81393A15-A8C3-4061-9FC3-84A8CB36379A}.Release|Any CPU.Build.0 = Release|Any CPU
		{E0C1BEE2-27EB-42FE-997F-D1C87CAE725D}.Debug|Any CPU.ActiveCfg = Debug|Any CPU
		{E0C1BEE2-27EB-42FE-997F-D1C87CAE725D}.Debug|Any CPU.Build.0 = Debug|Any CPU
		{E0C1BEE2-27EB-42FE-997F-D1C87CAE725D}.Release|Any CPU.ActiveCfg = Release|Any CPU
		{E0C1BEE2-27EB-42FE-997F-D1C87CAE725D}.Release|Any CPU.Build.0 = Release|Any CPU
		{77F7B58E-EC03-4202-879C-5063B952D89A}.Debug|Any CPU.ActiveCfg = Debug|Any CPU
		{77F7B58E-EC03-4202-879C-5063B952D89A}.Debug|Any CPU.Build.0 = Debug|Any CPU
		{77F7B58E-EC03-4202-879C-5063B952D89A}.Release|Any CPU.ActiveCfg = Release|Any CPU
		{77F7B58E-EC03-4202-879C-5063B952D89A}.Release|Any CPU.Build.0 = Release|Any CPU
		{E7E866D3-30E7-43F0-8AE9-991A8AAE9842}.Debug|Any CPU.ActiveCfg = Debug|Any CPU
		{E7E866D3-30E7-43F0-8AE9-991A8AAE9842}.Debug|Any CPU.Build.0 = Debug|Any CPU
		{E7E866D3-30E7-43F0-8AE9-991A8AAE9842}.Release|Any CPU.ActiveCfg = Release|Any CPU
		{E7E866D3-30E7-43F0-8AE9-991A8AAE9842}.Release|Any CPU.Build.0 = Release|Any CPU
	EndGlobalSection
	GlobalSection(SolutionProperties) = preSolution
		HideSolutionNode = FALSE
	EndGlobalSection
	GlobalSection(ExtensibilityGlobals) = postSolution
		SolutionGuid = {ED4A9A50-DB52-409E-8D46-DC1CE0B5FCDF}
	EndGlobalSection
EndGlobal
