
Microsoft Visual Studio Solution File, Format Version 12.00
# Visual Studio Version 16
VisualStudioVersion = 16.0.32602.291
MinimumVisualStudioVersion = 10.0.40219.1
Project("{9A19103F-16F7-4668-BE54-9A1E7A4F7556}") = "_001你好世界", "Learn\_001你好世界.csproj", "{E2632CAD-1B41-4AFE-9DA0-A6577C3512BD}"
EndProject
Project("{9A19103F-16F7-4668-BE54-9A1E7A4F7556}") = "_002变量", "ConsoleApp1\_002变量.csproj", "{8CFB7F0A-EA27-44A2-B5F2-CD480BB204D7}"
EndProject
Project("{9A19103F-16F7-4668-BE54-9A1E7A4F7556}") = "_003变量类型", "_003\_003变量类型.csproj", "{F6DA2685-3195-47A8-906F-8D8809627AC3}"
EndProject
Project("{9A19103F-16F7-4668-BE54-9A1E7A4F7556}") = "_004自定义变量存储主角信息", "_004自定义变量存储主角信息\_004自定义变量存储主角信息.csproj", "{E57BFAFB-10A7-46F7-AFCA-A263F4E550DE}"
EndProject
Project("{9A19103F-16F7-4668-BE54-9A1E7A4F7556}") = "_005在字符串前加@字符", "_005在字符串前加@字符\_005在字符串前加@字符.csproj", "{E1D5FFBA-97E9-4495-980A-57CE5D1B2CEC}"
EndProject
Project("{9A19103F-16F7-4668-BE54-9A1E7A4F7556}") = "_006变量的声明和赋值", "_006变量的声明和赋值\_006变量的声明和赋值.csproj", "{E0B77FA5-C78F-488A-A60A-234EE62262F5}"
EndProject
Project("{9A19103F-16F7-4668-BE54-9A1E7A4F7556}") = "_007数学运算符", "_007数学运算符\_007数学运算符.csproj", "{7C542B59-6D9E-4A68-881A-C11E3435E144}"
EndProject
Project("{9A19103F-16F7-4668-BE54-9A1E7A4F7556}") = "_008自加自减", "_008自加自减\_008自加自减.csproj", "{49C3158B-B9F7-4A6F-A2B3-48B675524C05}"
EndProject
Project("{9A19103F-16F7-4668-BE54-9A1E7A4F7556}") = "_009从键盘读取输入字符串", "_009从键盘读取输入字符串\_009从键盘读取输入字符串.csproj", "{8D1F6A2F-8700-42E9-B3D9-6ED1DCD8476B}"
EndProject
Project("{9A19103F-16F7-4668-BE54-9A1E7A4F7556}") = "_010接收输入现实和", "_010接收输入现实和\_010接收输入现实和.csproj", "{1CBF1C5D-5DD9-408C-908C-EBF50F9F3C66}"
EndProject
Project("{9A19103F-16F7-4668-BE54-9A1E7A4F7556}") = "_011赋值运算符", "_011赋值运算符\_011赋值运算符.csproj", "{581F76DD-AA4E-43B6-AC2E-9D3A47F51EE0}"
EndProject
Project("{9A19103F-16F7-4668-BE54-9A1E7A4F7556}") = "_012运算符优先级", "_012运算符优先级\_012运算符优先级.csproj", "{BDA225AA-F7CF-458F-A1F7-E1071CFFB74D}"
EndProject
Project("{9A19103F-16F7-4668-BE54-9A1E7A4F7556}") = "_013-015运算练习", "运算练习\_013-015运算练习.csproj", "{D6F8DA26-879D-4AF0-BAA0-EE313C8BDE89}"
EndProject
Project("{FAE04EC0-301F-11D3-BF4B-00C04F79EFBC}") = "_016-017布尔运算", "_016布尔运算\_016-017布尔运算.csproj", "{EFC5F4DD-1431-4FEF-B8FE-37CD3A8E4F4E}"
EndProject
Project("{FAE04EC0-301F-11D3-BF4B-00C04F79EFBC}") = "_018条件布尔运算符", "_018条件布尔运算符\_018条件布尔运算符.csproj", "{7BA3E4F0-207B-41A4-A9B6-2552F70A6D0C}"
EndProject
Project("{FAE04EC0-301F-11D3-BF4B-00C04F79EFBC}") = "_019关于goto语句", "_019关于goto语句\_019关于goto语句.csproj", "{EEDC3D2A-F544-4665-BE95-7CD1AED36005}"
EndProject
Project("{FAE04EC0-301F-11D3-BF4B-00C04F79EFBC}") = "_020if语句", "_020if语句\_020if语句.csproj", "{37BEC36E-C104-4C85-B52B-1164C90FC0F1}"
EndProject
Project("{FAE04EC0-301F-11D3-BF4B-00C04F79EFBC}") = "_021三元运算符", "_021三元运算符\_021三元运算符.csproj", "{8E83A32F-7538-465C-B75F-2FB37933B479}"
EndProject
Project("{FAE04EC0-301F-11D3-BF4B-00C04F79EFBC}") = "_022if else if else语句多条件判断", "_022if else if else语句多条件判断\_022if else if else语句多条件判断.csproj", "{347DB639-EA5B-4AEB-8D22-91A6CEB85727}"
EndProject
Project("{FAE04EC0-301F-11D3-BF4B-00C04F79EFBC}") = "_023switch语句", "_023switch语句\_023switch语句.csproj", "{021AF3AA-A250-4E7D-A670-B312279AE467}"
EndProject
Project("{FAE04EC0-301F-11D3-BF4B-00C04F79EFBC}") = "_024while循环", "_024while循环\_024while循环.csproj", "{B48BBAD5-F4DA-4D2D-9611-73848B833DC6}"
EndProject
Project("{FAE04EC0-301F-11D3-BF4B-00C04F79EFBC}") = "_025do while循环", "_025do while循环\_025do while循环.csproj", "{44C50296-4973-48B4-9884-5A3511C39042}"
EndProject
Project("{FAE04EC0-301F-11D3-BF4B-00C04F79EFBC}") = "_026for循环", "_026for循环\_026for循环.csproj", "{92F824EC-4EA7-4C67-B009-30B95D398416}"
EndProject
Project("{FAE04EC0-301F-11D3-BF4B-00C04F79EFBC}") = "_027循环终止Break", "_027循环终止Break\_027循环终止Break.csproj", "{EF6F5ADC-9E43-4437-907D-8B2D1E43D607}"
EndProject
Project("{FAE04EC0-301F-11D3-BF4B-00C04F79EFBC}") = "_028continue终止当前循环继续下个循环", "_028continue终止当前循环继续下个循环\_028continue终止当前循环继续下个循环.csproj", "{EDA5B0A7-0E43-4492-9B48-FAFB5DDF9BB2}"
EndProject
Project("{FAE04EC0-301F-11D3-BF4B-00C04F79EFBC}") = "_029goto和return跳出循环", "_029goto和return跳出循环\_029goto和return跳出循环.csproj", "{DE4509B0-8EDF-4AF9-82BF-907875DE281C}"
EndProject
Global
	GlobalSection(SolutionConfigurationPlatforms) = preSolution
		Debug|Any CPU = Debug|Any CPU
		Release|Any CPU = Release|Any CPU
	EndGlobalSection
	GlobalSection(ProjectConfigurationPlatforms) = postSolution
		{E2632CAD-1B41-4AFE-9DA0-A6577C3512BD}.Debug|Any CPU.ActiveCfg = Debug|Any CPU
		{E2632CAD-1B41-4AFE-9DA0-A6577C3512BD}.Debug|Any CPU.Build.0 = Debug|Any CPU
		{E2632CAD-1B41-4AFE-9DA0-A6577C3512BD}.Release|Any CPU.ActiveCfg = Release|Any CPU
		{E2632CAD-1B41-4AFE-9DA0-A6577C3512BD}.Release|Any CPU.Build.0 = Release|Any CPU
		{8CFB7F0A-EA27-44A2-B5F2-CD480BB204D7}.Debug|Any CPU.ActiveCfg = Debug|Any CPU
		{8CFB7F0A-EA27-44A2-B5F2-CD480BB204D7}.Debug|Any CPU.Build.0 = Debug|Any CPU
		{8CFB7F0A-EA27-44A2-B5F2-CD480BB204D7}.Release|Any CPU.ActiveCfg = Release|Any CPU
		{8CFB7F0A-EA27-44A2-B5F2-CD480BB204D7}.Release|Any CPU.Build.0 = Release|Any CPU
		{F6DA2685-3195-47A8-906F-8D8809627AC3}.Debug|Any CPU.ActiveCfg = Debug|Any CPU
		{F6DA2685-3195-47A8-906F-8D8809627AC3}.Debug|Any CPU.Build.0 = Debug|Any CPU
		{F6DA2685-3195-47A8-906F-8D8809627AC3}.Release|Any CPU.ActiveCfg = Release|Any CPU
		{F6DA2685-3195-47A8-906F-8D8809627AC3}.Release|Any CPU.Build.0 = Release|Any CPU
		{E57BFAFB-10A7-46F7-AFCA-A263F4E550DE}.Debug|Any CPU.ActiveCfg = Debug|Any CPU
		{E57BFAFB-10A7-46F7-AFCA-A263F4E550DE}.Debug|Any CPU.Build.0 = Debug|Any CPU
		{E57BFAFB-10A7-46F7-AFCA-A263F4E550DE}.Release|Any CPU.ActiveCfg = Release|Any CPU
		{E57BFAFB-10A7-46F7-AFCA-A263F4E550DE}.Release|Any CPU.Build.0 = Release|Any CPU
		{E1D5FFBA-97E9-4495-980A-57CE5D1B2CEC}.Debug|Any CPU.ActiveCfg = Debug|Any CPU
		{E1D5FFBA-97E9-4495-980A-57CE5D1B2CEC}.Debug|Any CPU.Build.0 = Debug|Any CPU
		{E1D5FFBA-97E9-4495-980A-57CE5D1B2CEC}.Release|Any CPU.ActiveCfg = Release|Any CPU
		{E1D5FFBA-97E9-4495-980A-57CE5D1B2CEC}.Release|Any CPU.Build.0 = Release|Any CPU
		{E0B77FA5-C78F-488A-A60A-234EE62262F5}.Debug|Any CPU.ActiveCfg = Debug|Any CPU
		{E0B77FA5-C78F-488A-A60A-234EE62262F5}.Debug|Any CPU.Build.0 = Debug|Any CPU
		{E0B77FA5-C78F-488A-A60A-234EE62262F5}.Release|Any CPU.ActiveCfg = Release|Any CPU
		{E0B77FA5-C78F-488A-A60A-234EE62262F5}.Release|Any CPU.Build.0 = Release|Any CPU
		{7C542B59-6D9E-4A68-881A-C11E3435E144}.Debug|Any CPU.ActiveCfg = Debug|Any CPU
		{7C542B59-6D9E-4A68-881A-C11E3435E144}.Debug|Any CPU.Build.0 = Debug|Any CPU
		{7C542B59-6D9E-4A68-881A-C11E3435E144}.Release|Any CPU.ActiveCfg = Release|Any CPU
		{7C542B59-6D9E-4A68-881A-C11E3435E144}.Release|Any CPU.Build.0 = Release|Any CPU
		{49C3158B-B9F7-4A6F-A2B3-48B675524C05}.Debug|Any CPU.ActiveCfg = Debug|Any CPU
		{49C3158B-B9F7-4A6F-A2B3-48B675524C05}.Debug|Any CPU.Build.0 = Debug|Any CPU
		{49C3158B-B9F7-4A6F-A2B3-48B675524C05}.Release|Any CPU.ActiveCfg = Release|Any CPU
		{49C3158B-B9F7-4A6F-A2B3-48B675524C05}.Release|Any CPU.Build.0 = Release|Any CPU
		{8D1F6A2F-8700-42E9-B3D9-6ED1DCD8476B}.Debug|Any CPU.ActiveCfg = Debug|Any CPU
		{8D1F6A2F-8700-42E9-B3D9-6ED1DCD8476B}.Debug|Any CPU.Build.0 = Debug|Any CPU
		{8D1F6A2F-8700-42E9-B3D9-6ED1DCD8476B}.Release|Any CPU.ActiveCfg = Release|Any CPU
		{8D1F6A2F-8700-42E9-B3D9-6ED1DCD8476B}.Release|Any CPU.Build.0 = Release|Any CPU
		{1CBF1C5D-5DD9-408C-908C-EBF50F9F3C66}.Debug|Any CPU.ActiveCfg = Debug|Any CPU
		{1CBF1C5D-5DD9-408C-908C-EBF50F9F3C66}.Debug|Any CPU.Build.0 = Debug|Any CPU
		{1CBF1C5D-5DD9-408C-908C-EBF50F9F3C66}.Release|Any CPU.ActiveCfg = Release|Any CPU
		{1CBF1C5D-5DD9-408C-908C-EBF50F9F3C66}.Release|Any CPU.Build.0 = Release|Any CPU
		{581F76DD-AA4E-43B6-AC2E-9D3A47F51EE0}.Debug|Any CPU.ActiveCfg = Debug|Any CPU
		{581F76DD-AA4E-43B6-AC2E-9D3A47F51EE0}.Debug|Any CPU.Build.0 = Debug|Any CPU
		{581F76DD-AA4E-43B6-AC2E-9D3A47F51EE0}.Release|Any CPU.ActiveCfg = Release|Any CPU
		{581F76DD-AA4E-43B6-AC2E-9D3A47F51EE0}.Release|Any CPU.Build.0 = Release|Any CPU
		{BDA225AA-F7CF-458F-A1F7-E1071CFFB74D}.Debug|Any CPU.ActiveCfg = Debug|Any CPU
		{BDA225AA-F7CF-458F-A1F7-E1071CFFB74D}.Debug|Any CPU.Build.0 = Debug|Any CPU
		{BDA225AA-F7CF-458F-A1F7-E1071CFFB74D}.Release|Any CPU.ActiveCfg = Release|Any CPU
		{BDA225AA-F7CF-458F-A1F7-E1071CFFB74D}.Release|Any CPU.Build.0 = Release|Any CPU
		{D6F8DA26-879D-4AF0-BAA0-EE313C8BDE89}.Debug|Any CPU.ActiveCfg = Debug|Any CPU
		{D6F8DA26-879D-4AF0-BAA0-EE313C8BDE89}.Debug|Any CPU.Build.0 = Debug|Any CPU
		{D6F8DA26-879D-4AF0-BAA0-EE313C8BDE89}.Release|Any CPU.ActiveCfg = Release|Any CPU
		{D6F8DA26-879D-4AF0-BAA0-EE313C8BDE89}.Release|Any CPU.Build.0 = Release|Any CPU
		{EFC5F4DD-1431-4FEF-B8FE-37CD3A8E4F4E}.Debug|Any CPU.ActiveCfg = Debug|Any CPU
		{EFC5F4DD-1431-4FEF-B8FE-37CD3A8E4F4E}.Debug|Any CPU.Build.0 = Debug|Any CPU
		{EFC5F4DD-1431-4FEF-B8FE-37CD3A8E4F4E}.Release|Any CPU.ActiveCfg = Release|Any CPU
		{EFC5F4DD-1431-4FEF-B8FE-37CD3A8E4F4E}.Release|Any CPU.Build.0 = Release|Any CPU
		{7BA3E4F0-207B-41A4-A9B6-2552F70A6D0C}.Debug|Any CPU.ActiveCfg = Debug|Any CPU
		{7BA3E4F0-207B-41A4-A9B6-2552F70A6D0C}.Debug|Any CPU.Build.0 = Debug|Any CPU
		{7BA3E4F0-207B-41A4-A9B6-2552F70A6D0C}.Release|Any CPU.ActiveCfg = Release|Any CPU
		{7BA3E4F0-207B-41A4-A9B6-2552F70A6D0C}.Release|Any CPU.Build.0 = Release|Any CPU
		{EEDC3D2A-F544-4665-BE95-7CD1AED36005}.Debug|Any CPU.ActiveCfg = Debug|Any CPU
		{EEDC3D2A-F544-4665-BE95-7CD1AED36005}.Debug|Any CPU.Build.0 = Debug|Any CPU
		{EEDC3D2A-F544-4665-BE95-7CD1AED36005}.Release|Any CPU.ActiveCfg = Release|Any CPU
		{EEDC3D2A-F544-4665-BE95-7CD1AED36005}.Release|Any CPU.Build.0 = Release|Any CPU
		{37BEC36E-C104-4C85-B52B-1164C90FC0F1}.Debug|Any CPU.ActiveCfg = Debug|Any CPU
		{37BEC36E-C104-4C85-B52B-1164C90FC0F1}.Debug|Any CPU.Build.0 = Debug|Any CPU
		{37BEC36E-C104-4C85-B52B-1164C90FC0F1}.Release|Any CPU.ActiveCfg = Release|Any CPU
		{37BEC36E-C104-4C85-B52B-1164C90FC0F1}.Release|Any CPU.Build.0 = Release|Any CPU
		{8E83A32F-7538-465C-B75F-2FB37933B479}.Debug|Any CPU.ActiveCfg = Debug|Any CPU
		{8E83A32F-7538-465C-B75F-2FB37933B479}.Debug|Any CPU.Build.0 = Debug|Any CPU
		{8E83A32F-7538-465C-B75F-2FB37933B479}.Release|Any CPU.ActiveCfg = Release|Any CPU
		{8E83A32F-7538-465C-B75F-2FB37933B479}.Release|Any CPU.Build.0 = Release|Any CPU
		{347DB639-EA5B-4AEB-8D22-91A6CEB85727}.Debug|Any CPU.ActiveCfg = Debug|Any CPU
		{347DB639-EA5B-4AEB-8D22-91A6CEB85727}.Debug|Any CPU.Build.0 = Debug|Any CPU
		{347DB639-EA5B-4AEB-8D22-91A6CEB85727}.Release|Any CPU.ActiveCfg = Release|Any CPU
		{347DB639-EA5B-4AEB-8D22-91A6CEB85727}.Release|Any CPU.Build.0 = Release|Any CPU
		{021AF3AA-A250-4E7D-A670-B312279AE467}.Debug|Any CPU.ActiveCfg = Debug|Any CPU
		{021AF3AA-A250-4E7D-A670-B312279AE467}.Debug|Any CPU.Build.0 = Debug|Any CPU
		{021AF3AA-A250-4E7D-A670-B312279AE467}.Release|Any CPU.ActiveCfg = Release|Any CPU
		{021AF3AA-A250-4E7D-A670-B312279AE467}.Release|Any CPU.Build.0 = Release|Any CPU
		{B48BBAD5-F4DA-4D2D-9611-73848B833DC6}.Debug|Any CPU.ActiveCfg = Debug|Any CPU
		{B48BBAD5-F4DA-4D2D-9611-73848B833DC6}.Debug|Any CPU.Build.0 = Debug|Any CPU
		{B48BBAD5-F4DA-4D2D-9611-73848B833DC6}.Release|Any CPU.ActiveCfg = Release|Any CPU
		{B48BBAD5-F4DA-4D2D-9611-73848B833DC6}.Release|Any CPU.Build.0 = Release|Any CPU
		{44C50296-4973-48B4-9884-5A3511C39042}.Debug|Any CPU.ActiveCfg = Debug|Any CPU
		{44C50296-4973-48B4-9884-5A3511C39042}.Debug|Any CPU.Build.0 = Debug|Any CPU
		{44C50296-4973-48B4-9884-5A3511C39042}.Release|Any CPU.ActiveCfg = Release|Any CPU
		{44C50296-4973-48B4-9884-5A3511C39042}.Release|Any CPU.Build.0 = Release|Any CPU
		{92F824EC-4EA7-4C67-B009-30B95D398416}.Debug|Any CPU.ActiveCfg = Debug|Any CPU
		{92F824EC-4EA7-4C67-B009-30B95D398416}.Debug|Any CPU.Build.0 = Debug|Any CPU
		{92F824EC-4EA7-4C67-B009-30B95D398416}.Release|Any CPU.ActiveCfg = Release|Any CPU
		{92F824EC-4EA7-4C67-B009-30B95D398416}.Release|Any CPU.Build.0 = Release|Any CPU
		{EF6F5ADC-9E43-4437-907D-8B2D1E43D607}.Debug|Any CPU.ActiveCfg = Debug|Any CPU
		{EF6F5ADC-9E43-4437-907D-8B2D1E43D607}.Debug|Any CPU.Build.0 = Debug|Any CPU
		{EF6F5ADC-9E43-4437-907D-8B2D1E43D607}.Release|Any CPU.ActiveCfg = Release|Any CPU
		{EF6F5ADC-9E43-4437-907D-8B2D1E43D607}.Release|Any CPU.Build.0 = Release|Any CPU
		{EDA5B0A7-0E43-4492-9B48-FAFB5DDF9BB2}.Debug|Any CPU.ActiveCfg = Debug|Any CPU
		{EDA5B0A7-0E43-4492-9B48-FAFB5DDF9BB2}.Debug|Any CPU.Build.0 = Debug|Any CPU
		{EDA5B0A7-0E43-4492-9B48-FAFB5DDF9BB2}.Release|Any CPU.ActiveCfg = Release|Any CPU
		{EDA5B0A7-0E43-4492-9B48-FAFB5DDF9BB2}.Release|Any CPU.Build.0 = Release|Any CPU
		{DE4509B0-8EDF-4AF9-82BF-907875DE281C}.Debug|Any CPU.ActiveCfg = Debug|Any CPU
		{DE4509B0-8EDF-4AF9-82BF-907875DE281C}.Debug|Any CPU.Build.0 = Debug|Any CPU
		{DE4509B0-8EDF-4AF9-82BF-907875DE281C}.Release|Any CPU.ActiveCfg = Release|Any CPU
		{DE4509B0-8EDF-4AF9-82BF-907875DE281C}.Release|Any CPU.Build.0 = Release|Any CPU
	EndGlobalSection
	GlobalSection(SolutionProperties) = preSolution
		HideSolutionNode = FALSE
	EndGlobalSection
	GlobalSection(ExtensibilityGlobals) = postSolution
		SolutionGuid = {ED4A9A50-DB52-409E-8D46-DC1CE0B5FCDF}
	EndGlobalSection
EndGlobal
